
Microsoft Visual Studio Solution File, Format Version 12.00
# Visual Studio Version 16
VisualStudioVersion = 16.0.29709.97
MinimumVisualStudioVersion = 10.0.40219.1
Project("{FAE04EC0-301F-11D3-BF4B-00C04F79EFBC}") = "Verivox", "Verivox\Verivox.csproj", "{921AC287-4052-43BA-B275-10095FCCDFF9}"
EndProject
Project("{FAE04EC0-301F-11D3-BF4B-00C04F79EFBC}") = "Model", "Model\Model.csproj", "{55FBB709-A0B9-4DEC-9CE4-BFCAB331DFDC}"
EndProject
Global
	GlobalSection(SolutionConfigurationPlatforms) = preSolution
		Debug|Any CPU = Debug|Any CPU
		Release|Any CPU = Release|Any CPU
	EndGlobalSection
	GlobalSection(ProjectConfigurationPlatforms) = postSolution
		{921AC287-4052-43BA-B275-10095FCCDFF9}.Debug|Any CPU.ActiveCfg = Debug|Any CPU
		{921AC287-4052-43BA-B275-10095FCCDFF9}.Debug|Any CPU.Build.0 = Debug|Any CPU
		{921AC287-4052-43BA-B275-10095FCCDFF9}.Release|Any CPU.ActiveCfg = Release|Any CPU
		{921AC287-4052-43BA-B275-10095FCCDFF9}.Release|Any CPU.Build.0 = Release|Any CPU
		{55FBB709-A0B9-4DEC-9CE4-BFCAB331DFDC}.Debug|Any CPU.ActiveCfg = Debug|Any CPU
		{55FBB709-A0B9-4DEC-9CE4-BFCAB331DFDC}.Debug|Any CPU.Build.0 = Debug|Any CPU
		{55FBB709-A0B9-4DEC-9CE4-BFCAB331DFDC}.Release|Any CPU.ActiveCfg = Release|Any CPU
		{55FBB709-A0B9-4DEC-9CE4-BFCAB331DFDC}.Release|Any CPU.Build.0 = Release|Any CPU
	EndGlobalSection
	GlobalSection(SolutionProperties) = preSolution
		HideSolutionNode = FALSE
	EndGlobalSection
	GlobalSection(ExtensibilityGlobals) = postSolution
		SolutionGuid = {6E4428FF-AFD0-4267-9F4E-A4E880ACD961}
	EndGlobalSection
EndGlobal
